{
  "name": "armyroyale",
  "version": "0.0.0",
  "lockfileVersion": 3,
  "requires": true,
  "packages": {
    "": {
      "name": "armyroyale",
      "version": "0.0.0",
      "dependencies": {
        "@lfg/cli": "file:.packages/lfg-cli-0.1.0.tgz",
        "@lfg/core": "file:.packages/lfg-core-0.1.0.tgz",
        "@lfg/mini-engine": "file:.packages/lfg-mini-engine-0.1.0.tgz"
      }
    },
    "node_modules/@lfg/cli": {
      "version": "0.1.0",
      "resolved": "file:.packages/lfg-cli-0.1.0.tgz",
      "integrity": "sha512-xwLLqJrBCRwAnc3k+/4+hVFkhDXvTacDENW+LwMFHtOYC2rSMhspW5qm87ZayBsekS2D03LjtL2Y3kI6BPVJMg==",
      "bin": {
        "lfg": "bin/lfg.mjs"
      },
      "engines": {
        "node": ">=18.0.0"
      }
    },
    "node_modules/@lfg/core": {
      "version": "0.1.0",
      "resolved": "file:.packages/lfg-core-0.1.0.tgz",
      "integrity": "sha512-plZW7SPMH7lyc++4omjYI+pmIcHHCv+hlrPS6elyIzgE1mWvjBZt4BrIzEvRSJy16lfUgxYEvUVVD1VcNFpAmw=="
    },
    "node_modules/@lfg/mini-engine": {
      "version": "0.1.0",
      "resolved": "file:.packages/lfg-mini-engine-0.1.0.tgz",
      "integrity": "sha512-RU+A4Eqqqe1a1kIWuJHmhPQgiVgOtF6tJVXan101M/yHA0L0BzQHoIyDUUaA08rp32LmuUC0GJ4XbDLi+ULTPw==",
      "dependencies": {
        "@lfg/core": "^0.1.0"
      }
    }
  }
}
